
Microsoft Visual Studio Solution File, Format Version 12.00
# Visual Studio Version 16
VisualStudioVersion = 16.0.29209.62
MinimumVisualStudioVersion = 10.0.40219.1
Project("{FAE04EC0-301F-11D3-BF4B-00C04F79EFBC}") = "SimpleChat.ConsoleApp", "ConsoleRabbitClient\SimpleChat.ConsoleApp.csproj", "{71A6215E-84E1-4DE2-97C8-4F11FAD78878}"
EndProject
Project("{FAE04EC0-301F-11D3-BF4B-00C04F79EFBC}") = "SimpleChat.BLL", "SimpleChat.BLL\SimpleChat.BLL.csproj", "{19513A2D-F761-4407-87E4-855EDD717510}"
EndProject
Project("{FAE04EC0-301F-11D3-BF4B-00C04F79EFBC}") = "SimpleChat.DAL", "SimpleChat.DAL\SimpleChat.DAL.csproj", "{6E9473C8-39D6-41FA-90A0-4119FD45B03A}"
EndProject
Global
	GlobalSection(SolutionConfigurationPlatforms) = preSolution
		Debug|Any CPU = Debug|Any CPU
		Release|Any CPU = Release|Any CPU
	EndGlobalSection
	GlobalSection(ProjectConfigurationPlatforms) = postSolution
		{71A6215E-84E1-4DE2-97C8-4F11FAD78878}.Debug|Any CPU.ActiveCfg = Debug|Any CPU
		{71A6215E-84E1-4DE2-97C8-4F11FAD78878}.Debug|Any CPU.Build.0 = Debug|Any CPU
		{71A6215E-84E1-4DE2-97C8-4F11FAD78878}.Release|Any CPU.ActiveCfg = Release|Any CPU
		{71A6215E-84E1-4DE2-97C8-4F11FAD78878}.Release|Any CPU.Build.0 = Release|Any CPU
		{19513A2D-F761-4407-87E4-855EDD717510}.Debug|Any CPU.ActiveCfg = Debug|Any CPU
		{19513A2D-F761-4407-87E4-855EDD717510}.Debug|Any CPU.Build.0 = Debug|Any CPU
		{19513A2D-F761-4407-87E4-855EDD717510}.Release|Any CPU.ActiveCfg = Release|Any CPU
		{19513A2D-F761-4407-87E4-855EDD717510}.Release|Any CPU.Build.0 = Release|Any CPU
		{6E9473C8-39D6-41FA-90A0-4119FD45B03A}.Debug|Any CPU.ActiveCfg = Debug|Any CPU
		{6E9473C8-39D6-41FA-90A0-4119FD45B03A}.Debug|Any CPU.Build.0 = Debug|Any CPU
		{6E9473C8-39D6-41FA-90A0-4119FD45B03A}.Release|Any CPU.ActiveCfg = Release|Any CPU
		{6E9473C8-39D6-41FA-90A0-4119FD45B03A}.Release|Any CPU.Build.0 = Release|Any CPU
	EndGlobalSection
	GlobalSection(SolutionProperties) = preSolution
		HideSolutionNode = FALSE
	EndGlobalSection
	GlobalSection(ExtensibilityGlobals) = postSolution
		SolutionGuid = {F827137E-F78D-4513-8F66-B337B3444EB5}
	EndGlobalSection
EndGlobal
